
Microsoft Visual Studio Solution File, Format Version 12.00
# Visual Studio 15
VisualStudioVersion = 15.0.26730.12
MinimumVisualStudioVersion = 10.0.40219.1
Project("{FAE04EC0-301F-11D3-BF4B-00C04F79EFBC}") = "Read from a Text File", "Read from a Text File\Read from a Text File.csproj", "{45A0F24F-2CF4-4743-9C73-AD8B6E52ACA5}"
EndProject
Global
	GlobalSection(SolutionConfigurationPlatforms) = preSolution
		Debug|Any CPU = Debug|Any CPU
		Release|Any CPU = Release|Any CPU
	EndGlobalSection
	GlobalSection(ProjectConfigurationPlatforms) = postSolution
		{45A0F24F-2CF4-4743-9C73-AD8B6E52ACA5}.Debug|Any CPU.ActiveCfg = Debug|Any CPU
		{45A0F24F-2CF4-4743-9C73-AD8B6E52ACA5}.Debug|Any CPU.Build.0 = Debug|Any CPU
		{45A0F24F-2CF4-4743-9C73-AD8B6E52ACA5}.Release|Any CPU.ActiveCfg = Release|Any CPU
		{45A0F24F-2CF4-4743-9C73-AD8B6E52ACA5}.Release|Any CPU.Build.0 = Release|Any CPU
	EndGlobalSection
	GlobalSection(SolutionProperties) = preSolution
		HideSolutionNode = FALSE
	EndGlobalSection
	GlobalSection(ExtensibilityGlobals) = postSolution
		SolutionGuid = {29C85252-16D9-4E1F-94DD-4CC5EA432D49}
	EndGlobalSection
EndGlobal
