
Microsoft Visual Studio Solution File, Format Version 12.00
# Visual Studio 15
VisualStudioVersion = 15.0.26730.12
MinimumVisualStudioVersion = 10.0.40219.1
Project("{FAE04EC0-301F-11D3-BF4B-00C04F79EFBC}") = "Write a Text File", "Write a Text File\Write a Text File.csproj", "{D1898AD5-2F9E-4E87-BFE2-5E6AC539748E}"
EndProject
Global
	GlobalSection(SolutionConfigurationPlatforms) = preSolution
		Debug|Any CPU = Debug|Any CPU
		Release|Any CPU = Release|Any CPU
	EndGlobalSection
	GlobalSection(ProjectConfigurationPlatforms) = postSolution
		{D1898AD5-2F9E-4E87-BFE2-5E6AC539748E}.Debug|Any CPU.ActiveCfg = Debug|Any CPU
		{D1898AD5-2F9E-4E87-BFE2-5E6AC539748E}.Debug|Any CPU.Build.0 = Debug|Any CPU
		{D1898AD5-2F9E-4E87-BFE2-5E6AC539748E}.Release|Any CPU.ActiveCfg = Release|Any CPU
		{D1898AD5-2F9E-4E87-BFE2-5E6AC539748E}.Release|Any CPU.Build.0 = Release|Any CPU
	EndGlobalSection
	GlobalSection(SolutionProperties) = preSolution
		HideSolutionNode = FALSE
	EndGlobalSection
	GlobalSection(ExtensibilityGlobals) = postSolution
		SolutionGuid = {4C430D2F-D98B-4E92-8AF0-D79166D2FF47}
	EndGlobalSection
EndGlobal
