
Microsoft Visual Studio Solution File, Format Version 12.00
# Visual Studio 2012
Project("{FAE04EC0-301F-11D3-BF4B-00C04F79EFBC}") = "LabTest2", "LabTest2\LabTest2.csproj", "{212F31C0-8A72-42AB-AC6F-CE44BCE20121}"
EndProject
Global
	GlobalSection(SolutionConfigurationPlatforms) = preSolution
		Debug|Any CPU = Debug|Any CPU
		Release|Any CPU = Release|Any CPU
	EndGlobalSection
	GlobalSection(ProjectConfigurationPlatforms) = postSolution
		{212F31C0-8A72-42AB-AC6F-CE44BCE20121}.Debug|Any CPU.ActiveCfg = Debug|Any CPU
		{212F31C0-8A72-42AB-AC6F-CE44BCE20121}.Debug|Any CPU.Build.0 = Debug|Any CPU
		{212F31C0-8A72-42AB-AC6F-CE44BCE20121}.Release|Any CPU.ActiveCfg = Release|Any CPU
		{212F31C0-8A72-42AB-AC6F-CE44BCE20121}.Release|Any CPU.Build.0 = Release|Any CPU
	EndGlobalSection
	GlobalSection(SolutionProperties) = preSolution
		HideSolutionNode = FALSE
	EndGlobalSection
EndGlobal
